# DO NOT EDIT MANUALLY - Managed by Fern Replay
version: "1.0"
generations:
  - commit_sha: c316672d7fc9d3bf902b633226969929adad0dca
    tree_hash: 7a55b1b0966aea398ee376ff3b62947618dda98b
    timestamp: 2026-05-20T07:39:27.879Z
    cli_version: unknown
    generator_versions: {}
current_generation: c316672d7fc9d3bf902b633226969929adad0dca
patches: []
